
Microsoft Visual Studio Solution File, Format Version 12.00
# Visual Studio Version 17
VisualStudioVersion = 17.14.36121.58 d17.14
MinimumVisualStudioVersion = 10.0.40219.1
Project("{FAE04EC0-301F-11D3-BF4B-00C04F79EFBC}") = "MyWebApp", "MyWebApp\MyWebApp.csproj", "{D807F2C0-1130-4E32-B138-BD190E81E2D3}"
EndProject
Global
	GlobalSection(SolutionConfigurationPlatforms) = preSolution
		Debug|Any CPU = Debug|Any CPU
		Release|Any CPU = Release|Any CPU
	EndGlobalSection
	GlobalSection(ProjectConfigurationPlatforms) = postSolution
		{D807F2C0-1130-4E32-B138-BD190E81E2D3}.Debug|Any CPU.ActiveCfg = Debug|Any CPU
		{D807F2C0-1130-4E32-B138-BD190E81E2D3}.Debug|Any CPU.Build.0 = Debug|Any CPU
		{D807F2C0-1130-4E32-B138-BD190E81E2D3}.Release|Any CPU.ActiveCfg = Release|Any CPU
		{D807F2C0-1130-4E32-B138-BD190E81E2D3}.Release|Any CPU.Build.0 = Release|Any CPU
	EndGlobalSection
	GlobalSection(SolutionProperties) = preSolution
		HideSolutionNode = FALSE
	EndGlobalSection
	GlobalSection(ExtensibilityGlobals) = postSolution
		SolutionGuid = {4339D82C-B13B-4C49-B3C2-6FD07605C5D4}
	EndGlobalSection
EndGlobal
